// !$*UTF8*$!
{
	archiveVersion = 1;
	classes = {
	};
	objectVersion = 46;
	objects = {

/* Begin PBXBuildFile section */
		5D0FE18A1E3CD9E70011D0D9 /* ReceivedMessageCell.m in Sources */ = {isa = PBXBuildFile; fileRef = 5D0FE1881E3CD9E70011D0D9 /* ReceivedMessageCell.m */; };
		5D0FE18B1E3CD9E70011D0D9 /* ReceivedMessageCell.xib in Resources */ = {isa = PBXBuildFile; fileRef = 5D0FE1891E3CD9E70011D0D9 /* ReceivedMessageCell.xib */; };
		5D0FE18F1E3CDA290011D0D9 /* SendMessageCell.m in Sources */ = {isa = PBXBuildFile; fileRef = 5D0FE18D1E3CDA290011D0D9 /* SendMessageCell.m */; };
		5D0FE1901E3CDA290011D0D9 /* SendMessageCell.xib in Resources */ = {isa = PBXBuildFile; fileRef = 5D0FE18E1E3CDA290011D0D9 /* SendMessageCell.xib */; };
		5D0FE1931E3CEA020011D0D9 /* ChatDetailViewController.m in Sources */ = {isa = PBXBuildFile; fileRef = 5D0FE1921E3CEA020011D0D9 /* ChatDetailViewController.m */; };
		5D109CED1E3CD6BA001B0D05 /* Message.m in Sources */ = {isa = PBXBuildFile; fileRef = 5D109CEC1E3CD6BA001B0D05 /* Message.m */; };
		5D32722D1E2430C800A19FF9 /* Settings.bundle in Resources */ = {isa = PBXBuildFile; fileRef = 5D32722C1E2430C800A19FF9 /* Settings.bundle */; };
		5D4268951E429AFC00FB1ACA /* libsqlite3.tbd in Frameworks */ = {isa = PBXBuildFile; fileRef = 5D4268941E429AFC00FB1ACA /* libsqlite3.tbd */; };
		5D722B771E4A6F9600A43CC9 /* DBManager.m in Sources */ = {isa = PBXBuildFile; fileRef = 5D722B761E4A6F9600A43CC9 /* DBManager.m */; };
		5DDE84EC1E41301F005D3A7A /* back.png in Resources */ = {isa = PBXBuildFile; fileRef = 5DDE84EB1E41301F005D3A7A /* back.png */; };
		C168A20F1E1C075F00A93B8B /* ContactController.m in Sources */ = {isa = PBXBuildFile; fileRef = C168A20E1E1C075F00A93B8B /* ContactController.m */; };
		C168A2141E1C137A00A93B8B /* Main.storyboard in Resources */ = {isa = PBXBuildFile; fileRef = C168A2121E1C137A00A93B8B /* Main.storyboard */; };
		C16FD08E1E26ECD000A2897E /* MainViewController.m in Sources */ = {isa = PBXBuildFile; fileRef = C16FD08D1E26ECD000A2897E /* MainViewController.m */; };
		C189B3B81E244FA500B5E8B8 /* darthvader.jpg in Resources */ = {isa = PBXBuildFile; fileRef = C189B3B51E244FA500B5E8B8 /* darthvader.jpg */; };
		C189B3B91E244FA500B5E8B8 /* obiwan.jpg in Resources */ = {isa = PBXBuildFile; fileRef = C189B3B61E244FA500B5E8B8 /* obiwan.jpg */; };
		C189B3BA1E244FA500B5E8B8 /* windu.jpg in Resources */ = {isa = PBXBuildFile; fileRef = C189B3B71E244FA500B5E8B8 /* windu.jpg */; };
		C1E6CEDD1E1AFFB60006A7B3 /* main.m in Sources */ = {isa = PBXBuildFile; fileRef = C1E6CEDC1E1AFFB60006A7B3 /* main.m */; };
		C1E6CEE01E1AFFB60006A7B3 /* AppDelegate.m in Sources */ = {isa = PBXBuildFile; fileRef = C1E6CEDF1E1AFFB60006A7B3 /* AppDelegate.m */; };
		C1E6CEE81E1AFFB60006A7B3 /* Assets.xcassets in Resources */ = {isa = PBXBuildFile; fileRef = C1E6CEE71E1AFFB60006A7B3 /* Assets.xcassets */; };
		C1E6CEEB1E1AFFB60006A7B3 /* LaunchScreen.storyboard in Resources */ = {isa = PBXBuildFile; fileRef = C1E6CEE91E1AFFB60006A7B3 /* LaunchScreen.storyboard */; };
		C1E6CEF51E1B12130006A7B3 /* Contact.m in Sources */ = {isa = PBXBuildFile; fileRef = C1E6CEF41E1B12130006A7B3 /* Contact.m */; };
		EA490F501E2D760700C2EFF5 /* MainTabBarController.m in Sources */ = {isa = PBXBuildFile; fileRef = EA490F4F1E2D760700C2EFF5 /* MainTabBarController.m */; };
		EA490F531E2D798000C2EFF5 /* ChatsTableViewCell.m in Sources */ = {isa = PBXBuildFile; fileRef = EA490F521E2D798000C2EFF5 /* ChatsTableViewCell.m */; };
		EA490F561E2D7A8A00C2EFF5 /* ChatsTableViewController.m in Sources */ = {isa = PBXBuildFile; fileRef = EA490F551E2D7A8A00C2EFF5 /* ChatsTableViewController.m */; };
		F46067BF1E1D3689000FFD2C /* LogInController.m in Sources */ = {isa = PBXBuildFile; fileRef = F46067BE1E1D3689000FFD2C /* LogInController.m */; };
		F46067C31E1D4041000FFD2C /* SignUpController.m in Sources */ = {isa = PBXBuildFile; fileRef = F46067C21E1D4041000FFD2C /* SignUpController.m */; };
/* End PBXBuildFile section */

/* Begin PBXFileReference section */
		5D0FE1871E3CD9E70011D0D9 /* ReceivedMessageCell.h */ = {isa = PBXFileReference; fileEncoding = 4; lastKnownFileType = sourcecode.c.h; path = ReceivedMessageCell.h; sourceTree = "<group>"; };
		5D0FE1881E3CD9E70011D0D9 /* ReceivedMessageCell.m */ = {isa = PBXFileReference; fileEncoding = 4; lastKnownFileType = sourcecode.c.objc; path = ReceivedMessageCell.m; sourceTree = "<group>"; };
		5D0FE1891E3CD9E70011D0D9 /* ReceivedMessageCell.xib */ = {isa = PBXFileReference; fileEncoding = 4; lastKnownFileType = file.xib; path = ReceivedMessageCell.xib; sourceTree = "<group>"; };
		5D0FE18C1E3CDA290011D0D9 /* SendMessageCell.h */ = {isa = PBXFileReference; fileEncoding = 4; lastKnownFileType = sourcecode.c.h; path = SendMessageCell.h; sourceTree = "<group>"; };
		5D0FE18D1E3CDA290011D0D9 /* SendMessageCell.m */ = {isa = PBXFileReference; fileEncoding = 4; lastKnownFileType = sourcecode.c.objc; path = SendMessageCell.m; sourceTree = "<group>"; };
		5D0FE18E1E3CDA290011D0D9 /* SendMessageCell.xib */ = {isa = PBXFileReference; fileEncoding = 4; lastKnownFileType = file.xib; path = SendMessageCell.xib; sourceTree = "<group>"; };
		5D0FE1911E3CEA020011D0D9 /* ChatDetailViewController.h */ = {isa = PBXFileReference; fileEncoding = 4; lastKnownFileType = sourcecode.c.h; path = ChatDetailViewController.h; sourceTree = "<group>"; };
		5D0FE1921E3CEA020011D0D9 /* ChatDetailViewController.m */ = {isa = PBXFileReference; fileEncoding = 4; lastKnownFileType = sourcecode.c.objc; path = ChatDetailViewController.m; sourceTree = "<group>"; };
		5D109CEB1E3CD6BA001B0D05 /* Message.h */ = {isa = PBXFileReference; fileEncoding = 4; lastKnownFileType = sourcecode.c.h; path = Message.h; sourceTree = "<group>"; };
		5D109CEC1E3CD6BA001B0D05 /* Message.m */ = {isa = PBXFileReference; fileEncoding = 4; lastKnownFileType = sourcecode.c.objc; path = Message.m; sourceTree = "<group>"; };
		5D32722C1E2430C800A19FF9 /* Settings.bundle */ = {isa = PBXFileReference; lastKnownFileType = "wrapper.plug-in"; path = Settings.bundle; sourceTree = "<group>"; };
		5D4268941E429AFC00FB1ACA /* libsqlite3.tbd */ = {isa = PBXFileReference; lastKnownFileType = "sourcecode.text-based-dylib-definition"; name = libsqlite3.tbd; path = usr/lib/libsqlite3.tbd; sourceTree = SDKROOT; };
		5D722B751E4A6F9600A43CC9 /* DBManager.h */ = {isa = PBXFileReference; fileEncoding = 4; lastKnownFileType = sourcecode.c.h; path = DBManager.h; sourceTree = "<group>"; };
		5D722B761E4A6F9600A43CC9 /* DBManager.m */ = {isa = PBXFileReference; fileEncoding = 4; lastKnownFileType = sourcecode.c.objc; path = DBManager.m; sourceTree = "<group>"; };
		5DDE84EB1E41301F005D3A7A /* back.png */ = {isa = PBXFileReference; lastKnownFileType = image.png; path = back.png; sourceTree = "<group>"; };
		C168A20D1E1C075F00A93B8B /* ContactController.h */ = {isa = PBXFileReference; fileEncoding = 4; lastKnownFileType = sourcecode.c.h; path = ContactController.h; sourceTree = "<group>"; };
		C168A20E1E1C075F00A93B8B /* ContactController.m */ = {isa = PBXFileReference; fileEncoding = 4; lastKnownFileType = sourcecode.c.objc; path = ContactController.m; sourceTree = "<group>"; };
		C168A2131E1C137A00A93B8B /* Base */ = {isa = PBXFileReference; lastKnownFileType = file.storyboard; name = Base; path = Base.lproj/Main.storyboard; sourceTree = "<group>"; };
		C16FD08C1E26ECD000A2897E /* MainViewController.h */ = {isa = PBXFileReference; fileEncoding = 4; lastKnownFileType = sourcecode.c.h; path = MainViewController.h; sourceTree = "<group>"; };
		C16FD08D1E26ECD000A2897E /* MainViewController.m */ = {isa = PBXFileReference; fileEncoding = 4; lastKnownFileType = sourcecode.c.objc; path = MainViewController.m; sourceTree = "<group>"; };
		C189B3B51E244FA500B5E8B8 /* darthvader.jpg */ = {isa = PBXFileReference; lastKnownFileType = image.jpeg; path = darthvader.jpg; sourceTree = "<group>"; };
		C189B3B61E244FA500B5E8B8 /* obiwan.jpg */ = {isa = PBXFileReference; lastKnownFileType = image.jpeg; path = obiwan.jpg; sourceTree = "<group>"; };
		C189B3B71E244FA500B5E8B8 /* windu.jpg */ = {isa = PBXFileReference; lastKnownFileType = image.jpeg; path = windu.jpg; sourceTree = "<group>"; };
		C1E6CED81E1AFFB60006A7B3 /* ApiMobileChat.app */ = {isa = PBXFileReference; explicitFileType = wrapper.application; includeInIndex = 0; path = ApiMobileChat.app; sourceTree = BUILT_PRODUCTS_DIR; };
		C1E6CEDC1E1AFFB60006A7B3 /* main.m */ = {isa = PBXFileReference; lastKnownFileType = sourcecode.c.objc; path = main.m; sourceTree = "<group>"; };
		C1E6CEDE1E1AFFB60006A7B3 /* AppDelegate.h */ = {isa = PBXFileReference; lastKnownFileType = sourcecode.c.h; path = AppDelegate.h; sourceTree = "<group>"; };
		C1E6CEDF1E1AFFB60006A7B3 /* AppDelegate.m */ = {isa = PBXFileReference; lastKnownFileType = sourcecode.c.objc; path = AppDelegate.m; sourceTree = "<group>"; };
		C1E6CEE71E1AFFB60006A7B3 /* Assets.xcassets */ = {isa = PBXFileReference; lastKnownFileType = folder.assetcatalog; path = Assets.xcassets; sourceTree = "<group>"; };
		C1E6CEEA1E1AFFB60006A7B3 /* Base */ = {isa = PBXFileReference; lastKnownFileType = file.storyboard; name = Base; path = Base.lproj/LaunchScreen.storyboard; sourceTree = "<group>"; };
		C1E6CEEC1E1AFFB60006A7B3 /* Info.plist */ = {isa = PBXFileReference; lastKnownFileType = text.plist.xml; path = Info.plist; sourceTree = "<group>"; };
		C1E6CEF31E1B12130006A7B3 /* Contact.h */ = {isa = PBXFileReference; fileEncoding = 4; lastKnownFileType = sourcecode.c.h; path = Contact.h; sourceTree = "<group>"; };
		C1E6CEF41E1B12130006A7B3 /* Contact.m */ = {isa = PBXFileReference; fileEncoding = 4; lastKnownFileType = sourcecode.c.objc; path = Contact.m; sourceTree = "<group>"; };
		EA490F4E1E2D760700C2EFF5 /* MainTabBarController.h */ = {isa = PBXFileReference; fileEncoding = 4; lastKnownFileType = sourcecode.c.h; path = MainTabBarController.h; sourceTree = "<group>"; };
		EA490F4F1E2D760700C2EFF5 /* MainTabBarController.m */ = {isa = PBXFileReference; fileEncoding = 4; lastKnownFileType = sourcecode.c.objc; path = MainTabBarController.m; sourceTree = "<group>"; };
		EA490F511E2D798000C2EFF5 /* ChatsTableViewCell.h */ = {isa = PBXFileReference; fileEncoding = 4; lastKnownFileType = sourcecode.c.h; path = ChatsTableViewCell.h; sourceTree = "<group>"; };
		EA490F521E2D798000C2EFF5 /* ChatsTableViewCell.m */ = {isa = PBXFileReference; fileEncoding = 4; lastKnownFileType = sourcecode.c.objc; path = ChatsTableViewCell.m; sourceTree = "<group>"; };
		EA490F541E2D7A8A00C2EFF5 /* ChatsTableViewController.h */ = {isa = PBXFileReference; fileEncoding = 4; lastKnownFileType = sourcecode.c.h; path = ChatsTableViewController.h; sourceTree = "<group>"; };
		EA490F551E2D7A8A00C2EFF5 /* ChatsTableViewController.m */ = {isa = PBXFileReference; fileEncoding = 4; lastKnownFileType = sourcecode.c.objc; path = ChatsTableViewController.m; sourceTree = "<group>"; };
		F46067BD1E1D3689000FFD2C /* LogInController.h */ = {isa = PBXFileReference; fileEncoding = 4; lastKnownFileType = sourcecode.c.h; path = LogInController.h; sourceTree = "<group>"; };
		F46067BE1E1D3689000FFD2C /* LogInController.m */ = {isa = PBXFileReference; fileEncoding = 4; lastKnownFileType = sourcecode.c.objc; path = LogInController.m; sourceTree = "<group>"; };
		F46067C11E1D4041000FFD2C /* SignUpController.h */ = {isa = PBXFileReference; fileEncoding = 4; lastKnownFileType = sourcecode.c.h; path = SignUpController.h; sourceTree = "<group>"; };
		F46067C21E1D4041000FFD2C /* SignUpController.m */ = {isa = PBXFileReference; fileEncoding = 4; lastKnownFileType = sourcecode.c.objc; path = SignUpController.m; sourceTree = "<group>"; };
/* End PBXFileReference section */

/* Begin PBXFrameworksBuildPhase section */
		C1E6CED51E1AFFB60006A7B3 /* Frameworks */ = {
			isa = PBXFrameworksBuildPhase;
			buildActionMask = 2147483647;
			files = (
				5D4268951E429AFC00FB1ACA /* libsqlite3.tbd in Frameworks */,
			);
			runOnlyForDeploymentPostprocessing = 0;
		};
/* End PBXFrameworksBuildPhase section */

/* Begin PBXGroup section */
		5D0FE1861E3CD9620011D0D9 /* ChatDetail */ = {
			isa = PBXGroup;
			children = (
				5D0FE1871E3CD9E70011D0D9 /* ReceivedMessageCell.h */,
				5D0FE1881E3CD9E70011D0D9 /* ReceivedMessageCell.m */,
				5D0FE1891E3CD9E70011D0D9 /* ReceivedMessageCell.xib */,
				5D0FE18C1E3CDA290011D0D9 /* SendMessageCell.h */,
				5D0FE18D1E3CDA290011D0D9 /* SendMessageCell.m */,
				5D0FE18E1E3CDA290011D0D9 /* SendMessageCell.xib */,
				5D0FE1911E3CEA020011D0D9 /* ChatDetailViewController.h */,
				5D0FE1921E3CEA020011D0D9 /* ChatDetailViewController.m */,
			);
			name = ChatDetail;
			sourceTree = "<group>";
		};
		5D4268931E429AFC00FB1ACA /* Frameworks */ = {
			isa = PBXGroup;
			children = (
				5D4268941E429AFC00FB1ACA /* libsqlite3.tbd */,
			);
			name = Frameworks;
			sourceTree = "<group>";
		};
		C168A2111E1C07DC00A93B8B /* Contact */ = {
			isa = PBXGroup;
			children = (
				C168A20D1E1C075F00A93B8B /* ContactController.h */,
				C168A20E1E1C075F00A93B8B /* ContactController.m */,
			);
			name = Contact;
			sourceTree = "<group>";
		};
		C16FD08B1E26ECBC00A2897E /* Main */ = {
			isa = PBXGroup;
			children = (
				C16FD08C1E26ECD000A2897E /* MainViewController.h */,
				C16FD08D1E26ECD000A2897E /* MainViewController.m */,
				EA490F4E1E2D760700C2EFF5 /* MainTabBarController.h */,
				EA490F4F1E2D760700C2EFF5 /* MainTabBarController.m */,
			);
			name = Main;
			sourceTree = "<group>";
		};
		C189B3AE1E24403B00B5E8B8 /* Images */ = {
			isa = PBXGroup;
			children = (
				5DDE84EB1E41301F005D3A7A /* back.png */,
				C189B3B51E244FA500B5E8B8 /* darthvader.jpg */,
				C189B3B61E244FA500B5E8B8 /* obiwan.jpg */,
				C189B3B71E244FA500B5E8B8 /* windu.jpg */,
			);
			name = Images;
			sourceTree = "<group>";
		};
		C1E6CECF1E1AFFB60006A7B3 = {
			isa = PBXGroup;
			children = (
				C1E6CEDA1E1AFFB60006A7B3 /* ApiMobileChat */,
				C1E6CED91E1AFFB60006A7B3 /* Products */,
				5D4268931E429AFC00FB1ACA /* Frameworks */,
			);
			sourceTree = "<group>";
		};
		C1E6CED91E1AFFB60006A7B3 /* Products */ = {
			isa = PBXGroup;
			children = (
				C1E6CED81E1AFFB60006A7B3 /* ApiMobileChat.app */,
			);
			name = Products;
			sourceTree = "<group>";
		};
		C1E6CEDA1E1AFFB60006A7B3 /* ApiMobileChat */ = {
			isa = PBXGroup;
			children = (
				C1E6CEFB1E1BFB090006A7B3 /* View */,
				C1E6CEFA1E1BFAF80006A7B3 /* Controler */,
				C1E6CEF21E1B0D0A0006A7B3 /* Model */,
				C1E6CEDB1E1AFFB60006A7B3 /* Supporting Files */,
				5D32722C1E2430C800A19FF9 /* Settings.bundle */,
			);
			path = ApiMobileChat;
			sourceTree = "<group>";
		};
		C1E6CEDB1E1AFFB60006A7B3 /* Supporting Files */ = {
			isa = PBXGroup;
			children = (
				C189B3AE1E24403B00B5E8B8 /* Images */,
				C1E6CEDE1E1AFFB60006A7B3 /* AppDelegate.h */,
				C1E6CEDF1E1AFFB60006A7B3 /* AppDelegate.m */,
				C1E6CEE71E1AFFB60006A7B3 /* Assets.xcassets */,
				C1E6CEEC1E1AFFB60006A7B3 /* Info.plist */,
				C1E6CEDC1E1AFFB60006A7B3 /* main.m */,
			);
			name = "Supporting Files";
			sourceTree = "<group>";
		};
		C1E6CEF21E1B0D0A0006A7B3 /* Model */ = {
			isa = PBXGroup;
			children = (
				C1E6CEF31E1B12130006A7B3 /* Contact.h */,
				C1E6CEF41E1B12130006A7B3 /* Contact.m */,
				5D109CEB1E3CD6BA001B0D05 /* Message.h */,
				5D109CEC1E3CD6BA001B0D05 /* Message.m */,
				5D722B751E4A6F9600A43CC9 /* DBManager.h */,
				5D722B761E4A6F9600A43CC9 /* DBManager.m */,
			);
			name = Model;
			sourceTree = "<group>";
		};
		C1E6CEFA1E1BFAF80006A7B3 /* Controler */ = {
			isa = PBXGroup;
			children = (
				5D0FE1861E3CD9620011D0D9 /* ChatDetail */,
				EA490F4D1E2D757900C2EFF5 /* Chats */,
				C16FD08B1E26ECBC00A2897E /* Main */,
				F46067C01E1D402D000FFD2C /* SignUp */,
				F46067BC1E1D3675000FFD2C /* LogIn */,
				C168A2111E1C07DC00A93B8B /* Contact */,
			);
			name = Controler;
			sourceTree = "<group>";
		};
		C1E6CEFB1E1BFB090006A7B3 /* View */ = {
			isa = PBXGroup;
			children = (
				C168A2121E1C137A00A93B8B /* Main.storyboard */,
				C1E6CEE91E1AFFB60006A7B3 /* LaunchScreen.storyboard */,
			);
			name = View;
			sourceTree = "<group>";
		};
		EA490F4D1E2D757900C2EFF5 /* Chats */ = {
			isa = PBXGroup;
			children = (
				EA490F511E2D798000C2EFF5 /* ChatsTableViewCell.h */,
				EA490F521E2D798000C2EFF5 /* ChatsTableViewCell.m */,
				EA490F541E2D7A8A00C2EFF5 /* ChatsTableViewController.h */,
				EA490F551E2D7A8A00C2EFF5 /* ChatsTableViewController.m */,
			);
			name = Chats;
			sourceTree = "<group>";
		};
		F46067BC1E1D3675000FFD2C /* LogIn */ = {
			isa = PBXGroup;
			children = (
				F46067BD1E1D3689000FFD2C /* LogInController.h */,
				F46067BE1E1D3689000FFD2C /* LogInController.m */,
			);
			name = LogIn;
			sourceTree = "<group>";
		};
		F46067C01E1D402D000FFD2C /* SignUp */ = {
			isa = PBXGroup;
			children = (
				F46067C11E1D4041000FFD2C /* SignUpController.h */,
				F46067C21E1D4041000FFD2C /* SignUpController.m */,
			);
			name = SignUp;
			sourceTree = "<group>";
		};
/* End PBXGroup section */

/* Begin PBXNativeTarget section */
		C1E6CED71E1AFFB60006A7B3 /* ApiMobileChat */ = {
			isa = PBXNativeTarget;
			buildConfigurationList = C1E6CEEF1E1AFFB60006A7B3 /* Build configuration list for PBXNativeTarget "ApiMobileChat" */;
			buildPhases = (
				C1E6CED41E1AFFB60006A7B3 /* Sources */,
				C1E6CED51E1AFFB60006A7B3 /* Frameworks */,
				C1E6CED61E1AFFB60006A7B3 /* Resources */,
			);
			buildRules = (
			);
			dependencies = (
			);
			name = ApiMobileChat;
			productName = ApiMobileChat;
			productReference = C1E6CED81E1AFFB60006A7B3 /* ApiMobileChat.app */;
			productType = "com.apple.product-type.application";
		};
/* End PBXNativeTarget section */

/* Begin PBXProject section */
		C1E6CED01E1AFFB60006A7B3 /* Project object */ = {
			isa = PBXProject;
			attributes = {
				LastUpgradeCheck = 0800;
				ORGANIZATIONNAME = api;
				TargetAttributes = {
					C1E6CED71E1AFFB60006A7B3 = {
						CreatedOnToolsVersion = 8.0;
						ProvisioningStyle = Automatic;
					};
				};
			};
			buildConfigurationList = C1E6CED31E1AFFB60006A7B3 /* Build configuration list for PBXProject "ApiMobileChat" */;
			compatibilityVersion = "Xcode 3.2";
			developmentRegion = English;
			hasScannedForEncodings = 0;
			knownRegions = (
				en,
				Base,
			);
			mainGroup = C1E6CECF1E1AFFB60006A7B3;
			productRefGroup = C1E6CED91E1AFFB60006A7B3 /* Products */;
			projectDirPath = "";
			projectRoot = "";
			targets = (
				C1E6CED71E1AFFB60006A7B3 /* ApiMobileChat */,
			);
		};
/* End PBXProject section */

/* Begin PBXResourcesBuildPhase section */
		C1E6CED61E1AFFB60006A7B3 /* Resources */ = {
			isa = PBXResourcesBuildPhase;
			buildActionMask = 2147483647;
			files = (
				5D0FE1901E3CDA290011D0D9 /* SendMessageCell.xib in Resources */,
				5D32722D1E2430C800A19FF9 /* Settings.bundle in Resources */,
				C168A2141E1C137A00A93B8B /* Main.storyboard in Resources */,
				C189B3BA1E244FA500B5E8B8 /* windu.jpg in Resources */,
				C1E6CEEB1E1AFFB60006A7B3 /* LaunchScreen.storyboard in Resources */,
				5D0FE18B1E3CD9E70011D0D9 /* ReceivedMessageCell.xib in Resources */,
				5DDE84EC1E41301F005D3A7A /* back.png in Resources */,
				C189B3B81E244FA500B5E8B8 /* darthvader.jpg in Resources */,
				C1E6CEE81E1AFFB60006A7B3 /* Assets.xcassets in Resources */,
				C189B3B91E244FA500B5E8B8 /* obiwan.jpg in Resources */,
			);
			runOnlyForDeploymentPostprocessing = 0;
		};
/* End PBXResourcesBuildPhase section */

/* Begin PBXSourcesBuildPhase section */
		C1E6CED41E1AFFB60006A7B3 /* Sources */ = {
			isa = PBXSourcesBuildPhase;
			buildActionMask = 2147483647;
			files = (
				5D0FE18A1E3CD9E70011D0D9 /* ReceivedMessageCell.m in Sources */,
				F46067C31E1D4041000FFD2C /* SignUpController.m in Sources */,
				EA490F531E2D798000C2EFF5 /* ChatsTableViewCell.m in Sources */,
				C168A20F1E1C075F00A93B8B /* ContactController.m in Sources */,
				EA490F561E2D7A8A00C2EFF5 /* ChatsTableViewController.m in Sources */,
				EA490F501E2D760700C2EFF5 /* MainTabBarController.m in Sources */,
				C1E6CEF51E1B12130006A7B3 /* Contact.m in Sources */,
				C16FD08E1E26ECD000A2897E /* MainViewController.m in Sources */,
				F46067BF1E1D3689000FFD2C /* LogInController.m in Sources */,
				5D722B771E4A6F9600A43CC9 /* DBManager.m in Sources */,
				5D0FE18F1E3CDA290011D0D9 /* SendMessageCell.m in Sources */,
				C1E6CEE01E1AFFB60006A7B3 /* AppDelegate.m in Sources */,
				5D109CED1E3CD6BA001B0D05 /* Message.m in Sources */,
				C1E6CEDD1E1AFFB60006A7B3 /* main.m in Sources */,
				5D0FE1931E3CEA020011D0D9 /* ChatDetailViewController.m in Sources */,
			);
			runOnlyForDeploymentPostprocessing = 0;
		};
/* End PBXSourcesBuildPhase section */

/* Begin PBXVariantGroup section */
		C168A2121E1C137A00A93B8B /* Main.storyboard */ = {
			isa = PBXVariantGroup;
			children = (
				C168A2131E1C137A00A93B8B /* Base */,
			);
			name = Main.storyboard;
			sourceTree = "<group>";
		};
		C1E6CEE91E1AFFB60006A7B3 /* LaunchScreen.storyboard */ = {
			isa = PBXVariantGroup;
			children = (
				C1E6CEEA1E1AFFB60006A7B3 /* Base */,
			);
			name = LaunchScreen.storyboard;
			sourceTree = "<group>";
		};
/* End PBXVariantGroup section */

/* Begin XCBuildConfiguration section */
		C1E6CEED1E1AFFB60006A7B3 /* Debug */ = {
			isa = XCBuildConfiguration;
			buildSettings = {
				ALWAYS_SEARCH_USER_PATHS = NO;
				CLANG_ANALYZER_NONNULL = YES;
				CLANG_CXX_LANGUAGE_STANDARD = "gnu++0x";
				CLANG_CXX_LIBRARY = "libc++";
				CLANG_ENABLE_MODULES = YES;
				CLANG_ENABLE_OBJC_ARC = YES;
				CLANG_WARN_BOOL_CONVERSION = YES;
				CLANG_WARN_CONSTANT_CONVERSION = YES;
				CLANG_WARN_DIRECT_OBJC_ISA_USAGE = YES_ERROR;
				CLANG_WARN_DOCUMENTATION_COMMENTS = YES;
				CLANG_WARN_EMPTY_BODY = YES;
				CLANG_WARN_ENUM_CONVERSION = YES;
				CLANG_WARN_INFINITE_RECURSION = YES;
				CLANG_WARN_INT_CONVERSION = YES;
				CLANG_WARN_OBJC_ROOT_CLASS = YES_ERROR;
				CLANG_WARN_SUSPICIOUS_MOVES = YES;
				CLANG_WARN_UNREACHABLE_CODE = YES;
				CLANG_WARN__DUPLICATE_METHOD_MATCH = YES;
				"CODE_SIGN_IDENTITY[sdk=iphoneos*]" = "iPhone Developer";
				COPY_PHASE_STRIP = NO;
				DEBUG_INFORMATION_FORMAT = dwarf;
				ENABLE_STRICT_OBJC_MSGSEND = YES;
				ENABLE_TESTABILITY = YES;
				GCC_C_LANGUAGE_STANDARD = gnu99;
				GCC_DYNAMIC_NO_PIC = NO;
				GCC_NO_COMMON_BLOCKS = YES;
				GCC_OPTIMIZATION_LEVEL = 0;
				GCC_PREPROCESSOR_DEFINITIONS = (
					"DEBUG=1",
					"$(inherited)",
				);
				GCC_WARN_64_TO_32_BIT_CONVERSION = YES;
				GCC_WARN_ABOUT_RETURN_TYPE = YES_ERROR;
				GCC_WARN_UNDECLARED_SELECTOR = YES;
				GCC_WARN_UNINITIALIZED_AUTOS = YES_AGGRESSIVE;
				GCC_WARN_UNUSED_FUNCTION = YES;
				GCC_WARN_UNUSED_VARIABLE = YES;
				IPHONEOS_DEPLOYMENT_TARGET = 10.0;
				MTL_ENABLE_DEBUG_INFO = YES;
				ONLY_ACTIVE_ARCH = YES;
				SDKROOT = iphoneos;
			};
			name = Debug;
		};
		C1E6CEEE1E1AFFB60006A7B3 /* Release */ = {
			isa = XCBuildConfiguration;
			buildSettings = {
				ALWAYS_SEARCH_USER_PATHS = NO;
				CLANG_ANALYZER_NONNULL = YES;
				CLANG_CXX_LANGUAGE_STANDARD = "gnu++0x";
				CLANG_CXX_LIBRARY = "libc++";
				CLANG_ENABLE_MODULES = YES;
				CLANG_ENABLE_OBJC_ARC = YES;
				CLANG_WARN_BOOL_CONVERSION = YES;
				CLANG_WARN_CONSTANT_CONVERSION = YES;
				CLANG_WARN_DIRECT_OBJC_ISA_USAGE = YES_ERROR;
				CLANG_WARN_DOCUMENTATION_COMMENTS = YES;
				CLANG_WARN_EMPTY_BODY = YES;
				CLANG_WARN_ENUM_CONVERSION = YES;
				CLANG_WARN_INFINITE_RECURSION = YES;
				CLANG_WARN_INT_CONVERSION = YES;
				CLANG_WARN_OBJC_ROOT_CLASS = YES_ERROR;
				CLANG_WARN_SUSPICIOUS_MOVES = YES;
				CLANG_WARN_UNREACHABLE_CODE = YES;
				CLANG_WARN__DUPLICATE_METHOD_MATCH = YES;
				"CODE_SIGN_IDENTITY[sdk=iphoneos*]" = "iPhone Developer";
				COPY_PHASE_STRIP = NO;
				DEBUG_INFORMATION_FORMAT = "dwarf-with-dsym";
				ENABLE_NS_ASSERTIONS = NO;
				ENABLE_STRICT_OBJC_MSGSEND = YES;
				GCC_C_LANGUAGE_STANDARD = gnu99;
				GCC_NO_COMMON_BLOCKS = YES;
				GCC_WARN_64_TO_32_BIT_CONVERSION = YES;
				GCC_WARN_ABOUT_RETURN_TYPE = YES_ERROR;
				GCC_WARN_UNDECLARED_SELECTOR = YES;
				GCC_WARN_UNINITIALIZED_AUTOS = YES_AGGRESSIVE;
				GCC_WARN_UNUSED_FUNCTION = YES;
				GCC_WARN_UNUSED_VARIABLE = YES;
				IPHONEOS_DEPLOYMENT_TARGET = 10.0;
				MTL_ENABLE_DEBUG_INFO = NO;
				SDKROOT = iphoneos;
				VALIDATE_PRODUCT = YES;
			};
			name = Release;
		};
		C1E6CEF01E1AFFB60006A7B3 /* Debug */ = {
			isa = XCBuildConfiguration;
			buildSettings = {
				ASSETCATALOG_COMPILER_APPICON_NAME = AppIcon;
				INFOPLIST_FILE = ApiMobileChat/Info.plist;
				LD_RUNPATH_SEARCH_PATHS = "$(inherited) @executable_path/Frameworks";
				PRODUCT_BUNDLE_IDENTIFIER = api.ApiMobileChat;
				PRODUCT_NAME = "$(TARGET_NAME)";
			};
			name = Debug;
		};
		C1E6CEF11E1AFFB60006A7B3 /* Release */ = {
			isa = XCBuildConfiguration;
			buildSettings = {
				ASSETCATALOG_COMPILER_APPICON_NAME = AppIcon;
				INFOPLIST_FILE = ApiMobileChat/Info.plist;
				LD_RUNPATH_SEARCH_PATHS = "$(inherited) @executable_path/Frameworks";
				PRODUCT_BUNDLE_IDENTIFIER = api.ApiMobileChat;
				PRODUCT_NAME = "$(TARGET_NAME)";
			};
			name = Release;
		};
/* End XCBuildConfiguration section */

/* Begin XCConfigurationList section */
		C1E6CED31E1AFFB60006A7B3 /* Build configuration list for PBXProject "ApiMobileChat" */ = {
			isa = XCConfigurationList;
			buildConfigurations = (
				C1E6CEED1E1AFFB60006A7B3 /* Debug */,
				C1E6CEEE1E1AFFB60006A7B3 /* Release */,
			);
			defaultConfigurationIsVisible = 0;
			defaultConfigurationName = Release;
		};
		C1E6CEEF1E1AFFB60006A7B3 /* Build configuration list for PBXNativeTarget "ApiMobileChat" */ = {
			isa = XCConfigurationList;
			buildConfigurations = (
				C1E6CEF01E1AFFB60006A7B3 /* Debug */,
				C1E6CEF11E1AFFB60006A7B3 /* Release */,
			);
			defaultConfigurationIsVisible = 0;
			defaultConfigurationName = Release;
		};
/* End XCConfigurationList section */
	};
	rootObject = C1E6CED01E1AFFB60006A7B3 /* Project object */;
}
